# THIS IS AN AUTOGENERATED FILE. DO NOT EDIT THIS FILE DIRECTLY.
# yarn lockfile v1

"@rollup/plugin-node-resolve@^15.0.0":
  version "15.2.3"
  resolved "https://registry.yarnpkg.com/@rollup/plugin-node-resolve/-/plugin-node-resolve-15.2.3.tgz#e5e0b748fd364a9101af8bcda04d0b05a0565d59"
  integrity sha512-GbK7cv+E3mTPEzD6Y6w8eGLe0IRVYMX7Q7Rp/6Wd+PjB8rQegi0YlJin8yryQkigYPHXYjHjvf/7P3jCQb0Q==

mocha@^10.2.0:
  version "10.2.0"
  resolved "https://registry.yarnpkg.com/mocha/-/mocha-10.2.0.tgz#1fd4a7c32ba5ac372e03a5b40744ec2000d0f787"
  integrity sha512-IDY7fl2aDjb3eDqJL8IJf5zOzQ4RHwMQiMiIKvqX6hjzlkbDaP+Gd+Jky2xkRy6uOCq2YTOg9yl8zE9jEd3g==

rollup@^4.0.0:
  version "4.9.1"
  resolved "https://registry.yarnpkg.com/rollup/-/rollup-4.9.1.tgz#d80e0a1b0b530a6a4f0e89b2e2f9c9c8e8b9f1c2"
  integrity sha512-p1N8zDyFcB0D8Y0F1XZmK8zA==
